# This file is automatically @generated by Cargo.
# It is not intended for manual editing.
[[package]]
name = "array-init"
version = "0.1.0"
source = "registry+https://github.com/rust-lang/crates.io-index"

[[package]]
name = "crunch"
version = "0.0.0"
dependencies = [
 "array-init 0.1.0 (registry+https://github.com/rust-lang/crates.io-index)",
]

[metadata]
"checksum array-init 0.1.0 (registry+https://github.com/rust-lang/crates.io-index)" = "a231f0352d7fbedabf5f2d1b20531b3430d0cd04fe0998973998c30a1a207634"
